
Microsoft Visual Studio Solution File, Format Version 12.00
# Visual Studio Version 16
VisualStudioVersion = 16.0.31424.327
MinimumVisualStudioVersion = 10.0.40219.1
Project("{FAE04EC0-301F-11D3-BF4B-00C04F79EFBC}") = "GUI_Con_Cung_App", "GUI_Con_Cung_App\GUI_Con_Cung_App.csproj", "{B9683EE8-BCB0-42A9-BA27-B1C45D8AE5E2}"
EndProject
Global
	GlobalSection(SolutionConfigurationPlatforms) = preSolution
		Debug|Any CPU = Debug|Any CPU
		Release|Any CPU = Release|Any CPU
	EndGlobalSection
	GlobalSection(ProjectConfigurationPlatforms) = postSolution
		{B9683EE8-BCB0-42A9-BA27-B1C45D8AE5E2}.Debug|Any CPU.ActiveCfg = Debug|Any CPU
		{B9683EE8-BCB0-42A9-BA27-B1C45D8AE5E2}.Debug|Any CPU.Build.0 = Debug|Any CPU
		{B9683EE8-BCB0-42A9-BA27-B1C45D8AE5E2}.Release|Any CPU.ActiveCfg = Release|Any CPU
		{B9683EE8-BCB0-42A9-BA27-B1C45D8AE5E2}.Release|Any CPU.Build.0 = Release|Any CPU
	EndGlobalSection
	GlobalSection(SolutionProperties) = preSolution
		HideSolutionNode = FALSE
	EndGlobalSection
	GlobalSection(ExtensibilityGlobals) = postSolution
		SolutionGuid = {98845498-5431-49BC-9A24-4ACDC9BFD089}
	EndGlobalSection
EndGlobal
